
Microsoft Visual Studio Solution File, Format Version 12.00
# Visual Studio 15
Project("{FAE04EC0-301F-11D3-BF4B-00C04F79EFBC}") = "FireFinder.API", "FireFinder\FireFinder.API.csproj", "{58E3B988-1E7E-4D63-BC52-31137BEA9C2D}"
EndProject
Project("{FAE04EC0-301F-11D3-BF4B-00C04F79EFBC}") = "FireFinder.Logic", "FireFinder.Logic\FireFinder.Logic.csproj", "{F464A893-088D-4B8E-8487-1343C87B25EF}"
EndProject
Project("{FAE04EC0-301F-11D3-BF4B-00C04F79EFBC}") = "FireFinder.Tests", "FireFinder.Tests\FireFinder.Tests.csproj", "{FD9C5478-5374-429A-BCD8-2AB5C1043D85}"
EndProject
Project("{FAE04EC0-301F-11D3-BF4B-00C04F79EFBC}") = "FireFinder.Main", "FireFinder.Main\FireFinder.Main.csproj", "{36CA235D-4025-4FD5-8181-025BDB01923A}"
EndProject
Global
	GlobalSection(SolutionConfigurationPlatforms) = preSolution
		Debug|Any CPU = Debug|Any CPU
		Release|Any CPU = Release|Any CPU
	EndGlobalSection
	GlobalSection(ProjectConfigurationPlatforms) = postSolution
		{58E3B988-1E7E-4D63-BC52-31137BEA9C2D}.Debug|Any CPU.ActiveCfg = Debug|Any CPU
		{58E3B988-1E7E-4D63-BC52-31137BEA9C2D}.Debug|Any CPU.Build.0 = Debug|Any CPU
		{58E3B988-1E7E-4D63-BC52-31137BEA9C2D}.Release|Any CPU.ActiveCfg = Release|Any CPU
		{58E3B988-1E7E-4D63-BC52-31137BEA9C2D}.Release|Any CPU.Build.0 = Release|Any CPU
		{F464A893-088D-4B8E-8487-1343C87B25EF}.Debug|Any CPU.ActiveCfg = Debug|Any CPU
		{F464A893-088D-4B8E-8487-1343C87B25EF}.Debug|Any CPU.Build.0 = Debug|Any CPU
		{F464A893-088D-4B8E-8487-1343C87B25EF}.Release|Any CPU.ActiveCfg = Release|Any CPU
		{F464A893-088D-4B8E-8487-1343C87B25EF}.Release|Any CPU.Build.0 = Release|Any CPU
		{FD9C5478-5374-429A-BCD8-2AB5C1043D85}.Debug|Any CPU.ActiveCfg = Debug|Any CPU
		{FD9C5478-5374-429A-BCD8-2AB5C1043D85}.Debug|Any CPU.Build.0 = Debug|Any CPU
		{FD9C5478-5374-429A-BCD8-2AB5C1043D85}.Release|Any CPU.ActiveCfg = Release|Any CPU
		{FD9C5478-5374-429A-BCD8-2AB5C1043D85}.Release|Any CPU.Build.0 = Release|Any CPU
		{36CA235D-4025-4FD5-8181-025BDB01923A}.Debug|Any CPU.ActiveCfg = Debug|Any CPU
		{36CA235D-4025-4FD5-8181-025BDB01923A}.Debug|Any CPU.Build.0 = Debug|Any CPU
		{36CA235D-4025-4FD5-8181-025BDB01923A}.Release|Any CPU.ActiveCfg = Release|Any CPU
		{36CA235D-4025-4FD5-8181-025BDB01923A}.Release|Any CPU.Build.0 = Release|Any CPU
	EndGlobalSection
EndGlobal
