
Microsoft Visual Studio Solution File, Format Version 12.00
# Visual Studio 15
Project("{FAE04EC0-301F-11D3-BF4B-00C04F79EFBC}") = "FireFinder.Logic", "FireFinder.Logic\FireFinder.Logic.csproj", "{F464A893-088D-4B8E-8487-1343C87B25EF}"
EndProject
Project("{FAE04EC0-301F-11D3-BF4B-00C04F79EFBC}") = "FireFinder.Tests", "FireFinder.Tests\FireFinder.Tests.csproj", "{FD9C5478-5374-429A-BCD8-2AB5C1043D85}"
EndProject
Project("{FAE04EC0-301F-11D3-BF4B-00C04F79EFBC}") = "FireFinder.Api", "FireFinder.Api\FireFinder.API.csproj", "{4E543EA1-6083-49EB-B7BA-13C41BD63C79}"
EndProject
Global
	GlobalSection(SolutionConfigurationPlatforms) = preSolution
		Debug|Any CPU = Debug|Any CPU
		Release|Any CPU = Release|Any CPU
	EndGlobalSection
	GlobalSection(ProjectConfigurationPlatforms) = postSolution
		{F464A893-088D-4B8E-8487-1343C87B25EF}.Debug|Any CPU.ActiveCfg = Debug|Any CPU
		{F464A893-088D-4B8E-8487-1343C87B25EF}.Debug|Any CPU.Build.0 = Debug|Any CPU
		{F464A893-088D-4B8E-8487-1343C87B25EF}.Release|Any CPU.ActiveCfg = Release|Any CPU
		{F464A893-088D-4B8E-8487-1343C87B25EF}.Release|Any CPU.Build.0 = Release|Any CPU
		{FD9C5478-5374-429A-BCD8-2AB5C1043D85}.Debug|Any CPU.ActiveCfg = Debug|Any CPU
		{FD9C5478-5374-429A-BCD8-2AB5C1043D85}.Debug|Any CPU.Build.0 = Debug|Any CPU
		{FD9C5478-5374-429A-BCD8-2AB5C1043D85}.Release|Any CPU.ActiveCfg = Release|Any CPU
		{FD9C5478-5374-429A-BCD8-2AB5C1043D85}.Release|Any CPU.Build.0 = Release|Any CPU
		{4E543EA1-6083-49EB-B7BA-13C41BD63C79}.Debug|Any CPU.ActiveCfg = Debug|Any CPU
		{4E543EA1-6083-49EB-B7BA-13C41BD63C79}.Debug|Any CPU.Build.0 = Debug|Any CPU
		{4E543EA1-6083-49EB-B7BA-13C41BD63C79}.Release|Any CPU.ActiveCfg = Release|Any CPU
		{4E543EA1-6083-49EB-B7BA-13C41BD63C79}.Release|Any CPU.Build.0 = Release|Any CPU
	EndGlobalSection
EndGlobal
